// !$*UTF8*$!
{
	archiveVersion = 1;
	classes = {
	};
	objectVersion = 50;
	objects = {

/* Begin PBXBuildFile section */
		2E1BF2B1245040FC0084DB71 /* AppDelegate.m in Sources */ = {isa = PBXBuildFile; fileRef = 2E1BF2B0245040FC0084DB71 /* AppDelegate.m */; };
		2E1BF2B4245040FC0084DB71 /* SceneDelegate.m in Sources */ = {isa = PBXBuildFile; fileRef = 2E1BF2B3245040FC0084DB71 /* SceneDelegate.m */; };
		2E1BF2B7245040FC0084DB71 /* ViewController.m in Sources */ = {isa = PBXBuildFile; fileRef = 2E1BF2B6245040FC0084DB71 /* ViewController.m */; };
		2E1BF2BA245040FC0084DB71 /* Main.storyboard in Resources */ = {isa = PBXBuildFile; fileRef = 2E1BF2B8245040FC0084DB71 /* Main.storyboard */; };
		2E1BF2BC245041040084DB71 /* Assets.xcassets in Resources */ = {isa = PBXBuildFile; fileRef = 2E1BF2BB245041040084DB71 /* Assets.xcassets */; };
		2E1BF2BF245041040084DB71 /* LaunchScreen.storyboard in Resources */ = {isa = PBXBuildFile; fileRef = 2E1BF2BD245041040084DB71 /* LaunchScreen.storyboard */; };
		2E1BF2C2245041040084DB71 /* main.m in Sources */ = {isa = PBXBuildFile; fileRef = 2E1BF2C1245041040084DB71 /* main.m */; };
		2E1BF2CC245041040084DB71 /* FlutterMixTests.m in Sources */ = {isa = PBXBuildFile; fileRef = 2E1BF2CB245041040084DB71 /* FlutterMixTests.m */; };
		2E1BF2D7245041040084DB71 /* FlutterMixUITests.m in Sources */ = {isa = PBXBuildFile; fileRef = 2E1BF2D6245041040084DB71 /* FlutterMixUITests.m */; };
		98F91435C3509A05E5BB28CD /* libPods-FlutterMix.a in Frameworks */ = {isa = PBXBuildFile; fileRef = 6D67C8A122D15CA0B4E0435B /* libPods-FlutterMix.a */; };
/* End PBXBuildFile section */

/* Begin PBXContainerItemProxy section */
		2E1BF2C8245041040084DB71 /* PBXContainerItemProxy */ = {
			isa = PBXContainerItemProxy;
			containerPortal = 2E1BF2A4245040FC0084DB71 /* Project object */;
			proxyType = 1;
			remoteGlobalIDString = 2E1BF2AB245040FC0084DB71;
			remoteInfo = FlutterMix;
		};
		2E1BF2D3245041040084DB71 /* PBXContainerItemProxy */ = {
			isa = PBXContainerItemProxy;
			containerPortal = 2E1BF2A4245040FC0084DB71 /* Project object */;
			proxyType = 1;
			remoteGlobalIDString = 2E1BF2AB245040FC0084DB71;
			remoteInfo = FlutterMix;
		};
/* End PBXContainerItemProxy section */

/* Begin PBXFileReference section */
		181A1A416539A4070EA64895 /* Pods-FlutterMix.debug.xcconfig */ = {isa = PBXFileReference; includeInIndex = 1; lastKnownFileType = text.xcconfig; name = "Pods-FlutterMix.debug.xcconfig"; path = "Target Support Files/Pods-FlutterMix/Pods-FlutterMix.debug.xcconfig"; sourceTree = "<group>"; };
		2E1BF2AC245040FC0084DB71 /* FlutterMix.app */ = {isa = PBXFileReference; explicitFileType = wrapper.application; includeInIndex = 0; path = FlutterMix.app; sourceTree = BUILT_PRODUCTS_DIR; };
		2E1BF2AF245040FC0084DB71 /* AppDelegate.h */ = {isa = PBXFileReference; lastKnownFileType = sourcecode.c.h; path = AppDelegate.h; sourceTree = "<group>"; };
		2E1BF2B0245040FC0084DB71 /* AppDelegate.m */ = {isa = PBXFileReference; lastKnownFileType = sourcecode.c.objc; path = AppDelegate.m; sourceTree = "<group>"; };
		2E1BF2B2245040FC0084DB71 /* SceneDelegate.h */ = {isa = PBXFileReference; lastKnownFileType = sourcecode.c.h; path = SceneDelegate.h; sourceTree = "<group>"; };
		2E1BF2B3245040FC0084DB71 /* SceneDelegate.m */ = {isa = PBXFileReference; lastKnownFileType = sourcecode.c.objc; path = SceneDelegate.m; sourceTree = "<group>"; };
		2E1BF2B5245040FC0084DB71 /* ViewController.h */ = {isa = PBXFileReference; lastKnownFileType = sourcecode.c.h; path = ViewController.h; sourceTree = "<group>"; };
		2E1BF2B6245040FC0084DB71 /* ViewController.m */ = {isa = PBXFileReference; lastKnownFileType = sourcecode.c.objc; path = ViewController.m; sourceTree = "<group>"; };
		2E1BF2B9245040FC0084DB71 /* Base */ = {isa = PBXFileReference; lastKnownFileType = file.storyboard; name = Base; path = Base.lproj/Main.storyboard; sourceTree = "<group>"; };
		2E1BF2BB245041040084DB71 /* Assets.xcassets */ = {isa = PBXFileReference; lastKnownFileType = folder.assetcatalog; path = Assets.xcassets; sourceTree = "<group>"; };
		2E1BF2BE245041040084DB71 /* Base */ = {isa = PBXFileReference; lastKnownFileType = file.storyboard; name = Base; path = Base.lproj/LaunchScreen.storyboard; sourceTree = "<group>"; };
		2E1BF2C0245041040084DB71 /* Info.plist */ = {isa = PBXFileReference; lastKnownFileType = text.plist.xml; path = Info.plist; sourceTree = "<group>"; };
		2E1BF2C1245041040084DB71 /* main.m */ = {isa = PBXFileReference; lastKnownFileType = sourcecode.c.objc; path = main.m; sourceTree = "<group>"; };
		2E1BF2C7245041040084DB71 /* FlutterMixTests.xctest */ = {isa = PBXFileReference; explicitFileType = wrapper.cfbundle; includeInIndex = 0; path = FlutterMixTests.xctest; sourceTree = BUILT_PRODUCTS_DIR; };
		2E1BF2CB245041040084DB71 /* FlutterMixTests.m */ = {isa = PBXFileReference; lastKnownFileType = sourcecode.c.objc; path = FlutterMixTests.m; sourceTree = "<group>"; };
		2E1BF2CD245041040084DB71 /* Info.plist */ = {isa = PBXFileReference; lastKnownFileType = text.plist.xml; path = Info.plist; sourceTree = "<group>"; };
		2E1BF2D2245041040084DB71 /* FlutterMixUITests.xctest */ = {isa = PBXFileReference; explicitFileType = wrapper.cfbundle; includeInIndex = 0; path = FlutterMixUITests.xctest; sourceTree = BUILT_PRODUCTS_DIR; };
		2E1BF2D6245041040084DB71 /* FlutterMixUITests.m */ = {isa = PBXFileReference; lastKnownFileType = sourcecode.c.objc; path = FlutterMixUITests.m; sourceTree = "<group>"; };
		2E1BF2D8245041040084DB71 /* Info.plist */ = {isa = PBXFileReference; lastKnownFileType = text.plist.xml; path = Info.plist; sourceTree = "<group>"; };
		3AFD04434E657FC372E182E5 /* Pods-FlutterMix.release.xcconfig */ = {isa = PBXFileReference; includeInIndex = 1; lastKnownFileType = text.xcconfig; name = "Pods-FlutterMix.release.xcconfig"; path = "Target Support Files/Pods-FlutterMix/Pods-FlutterMix.release.xcconfig"; sourceTree = "<group>"; };
		6D67C8A122D15CA0B4E0435B /* libPods-FlutterMix.a */ = {isa = PBXFileReference; explicitFileType = archive.ar; includeInIndex = 0; path = "libPods-FlutterMix.a"; sourceTree = BUILT_PRODUCTS_DIR; };
/* End PBXFileReference section */

/* Begin PBXFrameworksBuildPhase section */
		2E1BF2A9245040FC0084DB71 /* Frameworks */ = {
			isa = PBXFrameworksBuildPhase;
			buildActionMask = 2147483647;
			files = (
				98F91435C3509A05E5BB28CD /* libPods-FlutterMix.a in Frameworks */,
			);
			runOnlyForDeploymentPostprocessing = 0;
		};
		2E1BF2C4245041040084DB71 /* Frameworks */ = {
			isa = PBXFrameworksBuildPhase;
			buildActionMask = 2147483647;
			files = (
			);
			runOnlyForDeploymentPostprocessing = 0;
		};
		2E1BF2CF245041040084DB71 /* Frameworks */ = {
			isa = PBXFrameworksBuildPhase;
			buildActionMask = 2147483647;
			files = (
			);
			runOnlyForDeploymentPostprocessing = 0;
		};
/* End PBXFrameworksBuildPhase section */

/* Begin PBXGroup section */
		2E1BF2A3245040FC0084DB71 = {
			isa = PBXGroup;
			children = (
				2E1BF2AE245040FC0084DB71 /* FlutterMix */,
				2E1BF2CA245041040084DB71 /* FlutterMixTests */,
				2E1BF2D5245041040084DB71 /* FlutterMixUITests */,
				2E1BF2AD245040FC0084DB71 /* Products */,
				7DDAB04FFDE1ACDE592F339A /* Pods */,
				9CC9567A297C59B346107DC4 /* Frameworks */,
			);
			sourceTree = "<group>";
		};
		2E1BF2AD245040FC0084DB71 /* Products */ = {
			isa = PBXGroup;
			children = (
				2E1BF2AC245040FC0084DB71 /* FlutterMix.app */,
				2E1BF2C7245041040084DB71 /* FlutterMixTests.xctest */,
				2E1BF2D2245041040084DB71 /* FlutterMixUITests.xctest */,
			);
			name = Products;
			sourceTree = "<group>";
		};
		2E1BF2AE245040FC0084DB71 /* FlutterMix */ = {
			isa = PBXGroup;
			children = (
				2E1BF2AF245040FC0084DB71 /* AppDelegate.h */,
				2E1BF2B0245040FC0084DB71 /* AppDelegate.m */,
				2E1BF2B2245040FC0084DB71 /* SceneDelegate.h */,
				2E1BF2B3245040FC0084DB71 /* SceneDelegate.m */,
				2E1BF2B5245040FC0084DB71 /* ViewController.h */,
				2E1BF2B6245040FC0084DB71 /* ViewController.m */,
				2E1BF2B8245040FC0084DB71 /* Main.storyboard */,
				2E1BF2BB245041040084DB71 /* Assets.xcassets */,
				2E1BF2BD245041040084DB71 /* LaunchScreen.storyboard */,
				2E1BF2C0245041040084DB71 /* Info.plist */,
				2E1BF2C1245041040084DB71 /* main.m */,
			);
			path = FlutterMix;
			sourceTree = "<group>";
		};
		2E1BF2CA245041040084DB71 /* FlutterMixTests */ = {
			isa = PBXGroup;
			children = (
				2E1BF2CB245041040084DB71 /* FlutterMixTests.m */,
				2E1BF2CD245041040084DB71 /* Info.plist */,
			);
			path = FlutterMixTests;
			sourceTree = "<group>";
		};
		2E1BF2D5245041040084DB71 /* FlutterMixUITests */ = {
			isa = PBXGroup;
			children = (
				2E1BF2D6245041040084DB71 /* FlutterMixUITests.m */,
				2E1BF2D8245041040084DB71 /* Info.plist */,
			);
			path = FlutterMixUITests;
			sourceTree = "<group>";
		};
		7DDAB04FFDE1ACDE592F339A /* Pods */ = {
			isa = PBXGroup;
			children = (
				181A1A416539A4070EA64895 /* Pods-FlutterMix.debug.xcconfig */,
				3AFD04434E657FC372E182E5 /* Pods-FlutterMix.release.xcconfig */,
			);
			name = Pods;
			path = Pods;
			sourceTree = "<group>";
		};
		9CC9567A297C59B346107DC4 /* Frameworks */ = {
			isa = PBXGroup;
			children = (
				6D67C8A122D15CA0B4E0435B /* libPods-FlutterMix.a */,
			);
			name = Frameworks;
			sourceTree = "<group>";
		};
/* End PBXGroup section */

/* Begin PBXNativeTarget section */
		2E1BF2AB245040FC0084DB71 /* FlutterMix */ = {
			isa = PBXNativeTarget;
			buildConfigurationList = 2E1BF2DB245041040084DB71 /* Build configuration list for PBXNativeTarget "FlutterMix" */;
			buildPhases = (
				8375640C09163144377AD1A8 /* [CP] Check Pods Manifest.lock */,
				BA43C5A7A9EB284334B187AF /* [CP-User] Run Flutter Build Script */,
				2E1BF2A8245040FC0084DB71 /* Sources */,
				2E1BF2A9245040FC0084DB71 /* Frameworks */,
				2E1BF2AA245040FC0084DB71 /* Resources */,
				485AD41ADB23B0912AC4F158 /* [CP] Embed Pods Frameworks */,
			);
			buildRules = (
			);
			dependencies = (
			);
			name = FlutterMix;
			productName = FlutterMix;
			productReference = 2E1BF2AC245040FC0084DB71 /* FlutterMix.app */;
			productType = "com.apple.product-type.application";
		};
		2E1BF2C6245041040084DB71 /* FlutterMixTests */ = {
			isa = PBXNativeTarget;
			buildConfigurationList = 2E1BF2DE245041040084DB71 /* Build configuration list for PBXNativeTarget "FlutterMixTests" */;
			buildPhases = (
				2E1BF2C3245041040084DB71 /* Sources */,
				2E1BF2C4245041040084DB71 /* Frameworks */,
				2E1BF2C5245041040084DB71 /* Resources */,
			);
			buildRules = (
			);
			dependencies = (
				2E1BF2C9245041040084DB71 /* PBXTargetDependency */,
			);
			name = FlutterMixTests;
			productName = FlutterMixTests;
			productReference = 2E1BF2C7245041040084DB71 /* FlutterMixTests.xctest */;
			productType = "com.apple.product-type.bundle.unit-test";
		};
		2E1BF2D1245041040084DB71 /* FlutterMixUITests */ = {
			isa = PBXNativeTarget;
			buildConfigurationList = 2E1BF2E1245041040084DB71 /* Build configuration list for PBXNativeTarget "FlutterMixUITests" */;
			buildPhases = (
				2E1BF2CE245041040084DB71 /* Sources */,
				2E1BF2CF245041040084DB71 /* Frameworks */,
				2E1BF2D0245041040084DB71 /* Resources */,
			);
			buildRules = (
			);
			dependencies = (
				2E1BF2D4245041040084DB71 /* PBXTargetDependency */,
			);
			name = FlutterMixUITests;
			productName = FlutterMixUITests;
			productReference = 2E1BF2D2245041040084DB71 /* FlutterMixUITests.xctest */;
			productType = "com.apple.product-type.bundle.ui-testing";
		};
/* End PBXNativeTarget section */

/* Begin PBXProject section */
		2E1BF2A4245040FC0084DB71 /* Project object */ = {
			isa = PBXProject;
			attributes = {
				LastUpgradeCheck = 1120;
				ORGANIZATIONNAME = apple1;
				TargetAttributes = {
					2E1BF2AB245040FC0084DB71 = {
						CreatedOnToolsVersion = 11.2.1;
					};
					2E1BF2C6245041040084DB71 = {
						CreatedOnToolsVersion = 11.2.1;
						TestTargetID = 2E1BF2AB245040FC0084DB71;
					};
					2E1BF2D1245041040084DB71 = {
						CreatedOnToolsVersion = 11.2.1;
						TestTargetID = 2E1BF2AB245040FC0084DB71;
					};
				};
			};
			buildConfigurationList = 2E1BF2A7245040FC0084DB71 /* Build configuration list for PBXProject "FlutterMix" */;
			compatibilityVersion = "Xcode 9.3";
			developmentRegion = en;
			hasScannedForEncodings = 0;
			knownRegions = (
				en,
				Base,
			);
			mainGroup = 2E1BF2A3245040FC0084DB71;
			productRefGroup = 2E1BF2AD245040FC0084DB71 /* Products */;
			projectDirPath = "";
			projectRoot = "";
			targets = (
				2E1BF2AB245040FC0084DB71 /* FlutterMix */,
				2E1BF2C6245041040084DB71 /* FlutterMixTests */,
				2E1BF2D1245041040084DB71 /* FlutterMixUITests */,
			);
		};
/* End PBXProject section */

/* Begin PBXResourcesBuildPhase section */
		2E1BF2AA245040FC0084DB71 /* Resources */ = {
			isa = PBXResourcesBuildPhase;
			buildActionMask = 2147483647;
			files = (
				2E1BF2BF245041040084DB71 /* LaunchScreen.storyboard in Resources */,
				2E1BF2BC245041040084DB71 /* Assets.xcassets in Resources */,
				2E1BF2BA245040FC0084DB71 /* Main.storyboard in Resources */,
			);
			runOnlyForDeploymentPostprocessing = 0;
		};
		2E1BF2C5245041040084DB71 /* Resources */ = {
			isa = PBXResourcesBuildPhase;
			buildActionMask = 2147483647;
			files = (
			);
			runOnlyForDeploymentPostprocessing = 0;
		};
		2E1BF2D0245041040084DB71 /* Resources */ = {
			isa = PBXResourcesBuildPhase;
			buildActionMask = 2147483647;
			files = (
			);
			runOnlyForDeploymentPostprocessing = 0;
		};
/* End PBXResourcesBuildPhase section */

/* Begin PBXShellScriptBuildPhase section */
		485AD41ADB23B0912AC4F158 /* [CP] Embed Pods Frameworks */ = {
			isa = PBXShellScriptBuildPhase;
			buildActionMask = 2147483647;
			files = (
			);
			inputFileListPaths = (
				"${PODS_ROOT}/Target Support Files/Pods-FlutterMix/Pods-FlutterMix-frameworks-${CONFIGURATION}-input-files.xcfilelist",
			);
			name = "[CP] Embed Pods Frameworks";
			outputFileListPaths = (
				"${PODS_ROOT}/Target Support Files/Pods-FlutterMix/Pods-FlutterMix-frameworks-${CONFIGURATION}-output-files.xcfilelist",
			);
			runOnlyForDeploymentPostprocessing = 0;
			shellPath = /bin/sh;
			shellScript = "\"${PODS_ROOT}/Target Support Files/Pods-FlutterMix/Pods-FlutterMix-frameworks.sh\"\n";
			showEnvVarsInLog = 0;
		};
		8375640C09163144377AD1A8 /* [CP] Check Pods Manifest.lock */ = {
			isa = PBXShellScriptBuildPhase;
			buildActionMask = 2147483647;
			files = (
			);
			inputFileListPaths = (
			);
			inputPaths = (
				"${PODS_PODFILE_DIR_PATH}/Podfile.lock",
				"${PODS_ROOT}/Manifest.lock",
			);
			name = "[CP] Check Pods Manifest.lock";
			outputFileListPaths = (
			);
			outputPaths = (
				"$(DERIVED_FILE_DIR)/Pods-FlutterMix-checkManifestLockResult.txt",
			);
			runOnlyForDeploymentPostprocessing = 0;
			shellPath = /bin/sh;
			shellScript = "diff \"${PODS_PODFILE_DIR_PATH}/Podfile.lock\" \"${PODS_ROOT}/Manifest.lock\" > /dev/null\nif [ $? != 0 ] ; then\n    # print error to STDERR\n    echo \"error: The sandbox is not in sync with the Podfile.lock. Run 'pod install' or update your CocoaPods installation.\" >&2\n    exit 1\nfi\n# This output is used by Xcode 'outputs' to avoid re-running this script phase.\necho \"SUCCESS\" > \"${SCRIPT_OUTPUT_FILE_0}\"\n";
			showEnvVarsInLog = 0;
		};
		BA43C5A7A9EB284334B187AF /* [CP-User] Run Flutter Build Script */ = {
			isa = PBXShellScriptBuildPhase;
			buildActionMask = 2147483647;
			files = (
			);
			inputPaths = (
				"${SRCROOT}/../my_flutter/.metadata",
				"${SRCROOT}/../my_flutter/.ios/Flutter/App.framework/App",
				"${SRCROOT}/../my_flutter/.ios/Flutter/engine/Flutter.framework/Flutter",
				"${SRCROOT}/../my_flutter/.ios/Flutter/flutter_export_environment.sh",
			);
			name = "[CP-User] Run Flutter Build Script";
			runOnlyForDeploymentPostprocessing = 0;
			shellPath = /bin/sh;
			shellScript = "set -e\nset -u\nsource \"${SRCROOT}/../my_flutter/.ios/Flutter/flutter_export_environment.sh\"\n\"$FLUTTER_ROOT\"/packages/flutter_tools/bin/xcode_backend.sh build";
		};
/* End PBXShellScriptBuildPhase section */

/* Begin PBXSourcesBuildPhase section */
		2E1BF2A8245040FC0084DB71 /* Sources */ = {
			isa = PBXSourcesBuildPhase;
			buildActionMask = 2147483647;
			files = (
				2E1BF2B7245040FC0084DB71 /* ViewController.m in Sources */,
				2E1BF2B1245040FC0084DB71 /* AppDelegate.m in Sources */,
				2E1BF2C2245041040084DB71 /* main.m in Sources */,
				2E1BF2B4245040FC0084DB71 /* SceneDelegate.m in Sources */,
			);
			runOnlyForDeploymentPostprocessing = 0;
		};
		2E1BF2C3245041040084DB71 /* Sources */ = {
			isa = PBXSourcesBuildPhase;
			buildActionMask = 2147483647;
			files = (
				2E1BF2CC245041040084DB71 /* FlutterMixTests.m in Sources */,
			);
			runOnlyForDeploymentPostprocessing = 0;
		};
		2E1BF2CE245041040084DB71 /* Sources */ = {
			isa = PBXSourcesBuildPhase;
			buildActionMask = 2147483647;
			files = (
				2E1BF2D7245041040084DB71 /* FlutterMixUITests.m in Sources */,
			);
			runOnlyForDeploymentPostprocessing = 0;
		};
/* End PBXSourcesBuildPhase section */

/* Begin PBXTargetDependency section */
		2E1BF2C9245041040084DB71 /* PBXTargetDependency */ = {
			isa = PBXTargetDependency;
			target = 2E1BF2AB245040FC0084DB71 /* FlutterMix */;
			targetProxy = 2E1BF2C8245041040084DB71 /* PBXContainerItemProxy */;
		};
		2E1BF2D4245041040084DB71 /* PBXTargetDependency */ = {
			isa = PBXTargetDependency;
			target = 2E1BF2AB245040FC0084DB71 /* FlutterMix */;
			targetProxy = 2E1BF2D3245041040084DB71 /* PBXContainerItemProxy */;
		};
/* End PBXTargetDependency section */

/* Begin PBXVariantGroup section */
		2E1BF2B8245040FC0084DB71 /* Main.storyboard */ = {
			isa = PBXVariantGroup;
			children = (
				2E1BF2B9245040FC0084DB71 /* Base */,
			);
			name = Main.storyboard;
			sourceTree = "<group>";
		};
		2E1BF2BD245041040084DB71 /* LaunchScreen.storyboard */ = {
			isa = PBXVariantGroup;
			children = (
				2E1BF2BE245041040084DB71 /* Base */,
			);
			name = LaunchScreen.storyboard;
			sourceTree = "<group>";
		};
/* End PBXVariantGroup section */

/* Begin XCBuildConfiguration section */
		2E1BF2D9245041040084DB71 /* Debug */ = {
			isa = XCBuildConfiguration;
			buildSettings = {
				ALWAYS_SEARCH_USER_PATHS = NO;
				CLANG_ANALYZER_NONNULL = YES;
				CLANG_ANALYZER_NUMBER_OBJECT_CONVERSION = YES_AGGRESSIVE;
				CLANG_CXX_LANGUAGE_STANDARD = "gnu++14";
				CLANG_CXX_LIBRARY = "libc++";
				CLANG_ENABLE_MODULES = YES;
				CLANG_ENABLE_OBJC_ARC = YES;
				CLANG_ENABLE_OBJC_WEAK = YES;
				CLANG_WARN_BLOCK_CAPTURE_AUTORELEASING = YES;
				CLANG_WARN_BOOL_CONVERSION = YES;
				CLANG_WARN_COMMA = YES;
				CLANG_WARN_CONSTANT_CONVERSION = YES;
				CLANG_WARN_DEPRECATED_OBJC_IMPLEMENTATIONS = YES;
				CLANG_WARN_DIRECT_OBJC_ISA_USAGE = YES_ERROR;
				CLANG_WARN_DOCUMENTATION_COMMENTS = YES;
				CLANG_WARN_EMPTY_BODY = YES;
				CLANG_WARN_ENUM_CONVERSION = YES;
				CLANG_WARN_INFINITE_RECURSION = YES;
				CLANG_WARN_INT_CONVERSION = YES;
				CLANG_WARN_NON_LITERAL_NULL_CONVERSION = YES;
				CLANG_WARN_OBJC_IMPLICIT_RETAIN_SELF = YES;
				CLANG_WARN_OBJC_LITERAL_CONVERSION = YES;
				CLANG_WARN_OBJC_ROOT_CLASS = YES_ERROR;
				CLANG_WARN_RANGE_LOOP_ANALYSIS = YES;
				CLANG_WARN_STRICT_PROTOTYPES = YES;
				CLANG_WARN_SUSPICIOUS_MOVE = YES;
				CLANG_WARN_UNGUARDED_AVAILABILITY = YES_AGGRESSIVE;
				CLANG_WARN_UNREACHABLE_CODE = YES;
				CLANG_WARN__DUPLICATE_METHOD_MATCH = YES;
				COPY_PHASE_STRIP = NO;
				DEBUG_INFORMATION_FORMAT = dwarf;
				ENABLE_STRICT_OBJC_MSGSEND = YES;
				ENABLE_TESTABILITY = YES;
				GCC_C_LANGUAGE_STANDARD = gnu11;
				GCC_DYNAMIC_NO_PIC = NO;
				GCC_NO_COMMON_BLOCKS = YES;
				GCC_OPTIMIZATION_LEVEL = 0;
				GCC_PREPROCESSOR_DEFINITIONS = (
					"DEBUG=1",
					"$(inherited)",
				);
				GCC_WARN_64_TO_32_BIT_CONVERSION = YES;
				GCC_WARN_ABOUT_RETURN_TYPE = YES_ERROR;
				GCC_WARN_UNDECLARED_SELECTOR = YES;
				GCC_WARN_UNINITIALIZED_AUTOS = YES_AGGRESSIVE;
				GCC_WARN_UNUSED_FUNCTION = YES;
				GCC_WARN_UNUSED_VARIABLE = YES;
				IPHONEOS_DEPLOYMENT_TARGET = 13.2;
				MTL_ENABLE_DEBUG_INFO = INCLUDE_SOURCE;
				MTL_FAST_MATH = YES;
				ONLY_ACTIVE_ARCH = YES;
				SDKROOT = iphoneos;
			};
			name = Debug;
		};
		2E1BF2DA245041040084DB71 /* Release */ = {
			isa = XCBuildConfiguration;
			buildSettings = {
				ALWAYS_SEARCH_USER_PATHS = NO;
				CLANG_ANALYZER_NONNULL = YES;
				CLANG_ANALYZER_NUMBER_OBJECT_CONVERSION = YES_AGGRESSIVE;
				CLANG_CXX_LANGUAGE_STANDARD = "gnu++14";
				CLANG_CXX_LIBRARY = "libc++";
				CLANG_ENABLE_MODULES = YES;
				CLANG_ENABLE_OBJC_ARC = YES;
				CLANG_ENABLE_OBJC_WEAK = YES;
				CLANG_WARN_BLOCK_CAPTURE_AUTORELEASING = YES;
				CLANG_WARN_BOOL_CONVERSION = YES;
				CLANG_WARN_COMMA = YES;
				CLANG_WARN_CONSTANT_CONVERSION = YES;
				CLANG_WARN_DEPRECATED_OBJC_IMPLEMENTATIONS = YES;
				CLANG_WARN_DIRECT_OBJC_ISA_USAGE = YES_ERROR;
				CLANG_WARN_DOCUMENTATION_COMMENTS = YES;
				CLANG_WARN_EMPTY_BODY = YES;
				CLANG_WARN_ENUM_CONVERSION = YES;
				CLANG_WARN_INFINITE_RECURSION = YES;
				CLANG_WARN_INT_CONVERSION = YES;
				CLANG_WARN_NON_LITERAL_NULL_CONVERSION = YES;
				CLANG_WARN_OBJC_IMPLICIT_RETAIN_SELF = YES;
				CLANG_WARN_OBJC_LITERAL_CONVERSION = YES;
				CLANG_WARN_OBJC_ROOT_CLASS = YES_ERROR;
				CLANG_WARN_RANGE_LOOP_ANALYSIS = YES;
				CLANG_WARN_STRICT_PROTOTYPES = YES;
				CLANG_WARN_SUSPICIOUS_MOVE = YES;
				CLANG_WARN_UNGUARDED_AVAILABILITY = YES_AGGRESSIVE;
				CLANG_WARN_UNREACHABLE_CODE = YES;
				CLANG_WARN__DUPLICATE_METHOD_MATCH = YES;
				COPY_PHASE_STRIP = NO;
				DEBUG_INFORMATION_FORMAT = "dwarf-with-dsym";
				ENABLE_NS_ASSERTIONS = NO;
				ENABLE_STRICT_OBJC_MSGSEND = YES;
				GCC_C_LANGUAGE_STANDARD = gnu11;
				GCC_NO_COMMON_BLOCKS = YES;
				GCC_WARN_64_TO_32_BIT_CONVERSION = YES;
				GCC_WARN_ABOUT_RETURN_TYPE = YES_ERROR;
				GCC_WARN_UNDECLARED_SELECTOR = YES;
				GCC_WARN_UNINITIALIZED_AUTOS = YES_AGGRESSIVE;
				GCC_WARN_UNUSED_FUNCTION = YES;
				GCC_WARN_UNUSED_VARIABLE = YES;
				IPHONEOS_DEPLOYMENT_TARGET = 13.2;
				MTL_ENABLE_DEBUG_INFO = NO;
				MTL_FAST_MATH = YES;
				SDKROOT = iphoneos;
				VALIDATE_PRODUCT = YES;
			};
			name = Release;
		};
		2E1BF2DC245041040084DB71 /* Debug */ = {
			isa = XCBuildConfiguration;
			baseConfigurationReference = 181A1A416539A4070EA64895 /* Pods-FlutterMix.debug.xcconfig */;
			buildSettings = {
				ASSETCATALOG_COMPILER_APPICON_NAME = AppIcon;
				CODE_SIGN_STYLE = Automatic;
				INFOPLIST_FILE = FlutterMix/Info.plist;
				LD_RUNPATH_SEARCH_PATHS = (
					"$(inherited)",
					"@executable_path/Frameworks",
				);
				PRODUCT_BUNDLE_IDENTIFIER = ddd.FlutterMix;
				PRODUCT_NAME = "$(TARGET_NAME)";
				TARGETED_DEVICE_FAMILY = "1,2";
			};
			name = Debug;
		};
		2E1BF2DD245041040084DB71 /* Release */ = {
			isa = XCBuildConfiguration;
			baseConfigurationReference = 3AFD04434E657FC372E182E5 /* Pods-FlutterMix.release.xcconfig */;
			buildSettings = {
				ASSETCATALOG_COMPILER_APPICON_NAME = AppIcon;
				CODE_SIGN_STYLE = Automatic;
				INFOPLIST_FILE = FlutterMix/Info.plist;
				LD_RUNPATH_SEARCH_PATHS = (
					"$(inherited)",
					"@executable_path/Frameworks",
				);
				PRODUCT_BUNDLE_IDENTIFIER = ddd.FlutterMix;
				PRODUCT_NAME = "$(TARGET_NAME)";
				TARGETED_DEVICE_FAMILY = "1,2";
			};
			name = Release;
		};
		2E1BF2DF245041040084DB71 /* Debug */ = {
			isa = XCBuildConfiguration;
			buildSettings = {
				BUNDLE_LOADER = "$(TEST_HOST)";
				CODE_SIGN_STYLE = Automatic;
				INFOPLIST_FILE = FlutterMixTests/Info.plist;
				IPHONEOS_DEPLOYMENT_TARGET = 13.2;
				LD_RUNPATH_SEARCH_PATHS = (
					"$(inherited)",
					"@executable_path/Frameworks",
					"@loader_path/Frameworks",
				);
				PRODUCT_BUNDLE_IDENTIFIER = ddd.FlutterMixTests;
				PRODUCT_NAME = "$(TARGET_NAME)";
				TARGETED_DEVICE_FAMILY = "1,2";
				TEST_HOST = "$(BUILT_PRODUCTS_DIR)/FlutterMix.app/FlutterMix";
			};
			name = Debug;
		};
		2E1BF2E0245041040084DB71 /* Release */ = {
			isa = XCBuildConfiguration;
			buildSettings = {
				BUNDLE_LOADER = "$(TEST_HOST)";
				CODE_SIGN_STYLE = Automatic;
				INFOPLIST_FILE = FlutterMixTests/Info.plist;
				IPHONEOS_DEPLOYMENT_TARGET = 13.2;
				LD_RUNPATH_SEARCH_PATHS = (
					"$(inherited)",
					"@executable_path/Frameworks",
					"@loader_path/Frameworks",
				);
				PRODUCT_BUNDLE_IDENTIFIER = ddd.FlutterMixTests;
				PRODUCT_NAME = "$(TARGET_NAME)";
				TARGETED_DEVICE_FAMILY = "1,2";
				TEST_HOST = "$(BUILT_PRODUCTS_DIR)/FlutterMix.app/FlutterMix";
			};
			name = Release;
		};
		2E1BF2E2245041040084DB71 /* Debug */ = {
			isa = XCBuildConfiguration;
			buildSettings = {
				CODE_SIGN_STYLE = Automatic;
				INFOPLIST_FILE = FlutterMixUITests/Info.plist;
				LD_RUNPATH_SEARCH_PATHS = (
					"$(inherited)",
					"@executable_path/Frameworks",
					"@loader_path/Frameworks",
				);
				PRODUCT_BUNDLE_IDENTIFIER = ddd.FlutterMixUITests;
				PRODUCT_NAME = "$(TARGET_NAME)";
				TARGETED_DEVICE_FAMILY = "1,2";
				TEST_TARGET_NAME = FlutterMix;
			};
			name = Debug;
		};
		2E1BF2E3245041040084DB71 /* Release */ = {
			isa = XCBuildConfiguration;
			buildSettings = {
				CODE_SIGN_STYLE = Automatic;
				INFOPLIST_FILE = FlutterMixUITests/Info.plist;
				LD_RUNPATH_SEARCH_PATHS = (
					"$(inherited)",
					"@executable_path/Frameworks",
					"@loader_path/Frameworks",
				);
				PRODUCT_BUNDLE_IDENTIFIER = ddd.FlutterMixUITests;
				PRODUCT_NAME = "$(TARGET_NAME)";
				TARGETED_DEVICE_FAMILY = "1,2";
				TEST_TARGET_NAME = FlutterMix;
			};
			name = Release;
		};
/* End XCBuildConfiguration section */

/* Begin XCConfigurationList section */
		2E1BF2A7245040FC0084DB71 /* Build configuration list for PBXProject "FlutterMix" */ = {
			isa = XCConfigurationList;
			buildConfigurations = (
				2E1BF2D9245041040084DB71 /* Debug */,
				2E1BF2DA245041040084DB71 /* Release */,
			);
			defaultConfigurationIsVisible = 0;
			defaultConfigurationName = Release;
		};
		2E1BF2DB245041040084DB71 /* Build configuration list for PBXNativeTarget "FlutterMix" */ = {
			isa = XCConfigurationList;
			buildConfigurations = (
				2E1BF2DC245041040084DB71 /* Debug */,
				2E1BF2DD245041040084DB71 /* Release */,
			);
			defaultConfigurationIsVisible = 0;
			defaultConfigurationName = Release;
		};
		2E1BF2DE245041040084DB71 /* Build configuration list for PBXNativeTarget "FlutterMixTests" */ = {
			isa = XCConfigurationList;
			buildConfigurations = (
				2E1BF2DF245041040084DB71 /* Debug */,
				2E1BF2E0245041040084DB71 /* Release */,
			);
			defaultConfigurationIsVisible = 0;
			defaultConfigurationName = Release;
		};
		2E1BF2E1245041040084DB71 /* Build configuration list for PBXNativeTarget "FlutterMixUITests" */ = {
			isa = XCConfigurationList;
			buildConfigurations = (
				2E1BF2E2245041040084DB71 /* Debug */,
				2E1BF2E3245041040084DB71 /* Release */,
			);
			defaultConfigurationIsVisible = 0;
			defaultConfigurationName = Release;
		};
/* End XCConfigurationList section */
	};
	rootObject = 2E1BF2A4245040FC0084DB71 /* Project object */;
}
